
Microsoft Visual Studio Solution File, Format Version 12.00
# Visual Studio Version 17
VisualStudioVersion = 17.4.33015.44
MinimumVisualStudioVersion = 10.0.40219.1
Project("{FAE04EC0-301F-11D3-BF4B-00C04F79EFBC}") = "AsyncIntroduction", "AsyncIntroduction\AsyncIntroduction.csproj", "{142D5A9C-36F6-417C-A067-FCAE4810195E}"
EndProject
Project("{FAE04EC0-301F-11D3-BF4B-00C04F79EFBC}") = "WinFormsAsync", "WinFormsAsync\WinFormsAsync.csproj", "{782BE06B-ED6B-4993-9E11-E624C8B392D1}"
EndProject
Global
	GlobalSection(SolutionConfigurationPlatforms) = preSolution
		Debug|Any CPU = Debug|Any CPU
		Release|Any CPU = Release|Any CPU
	EndGlobalSection
	GlobalSection(ProjectConfigurationPlatforms) = postSolution
		{142D5A9C-36F6-417C-A067-FCAE4810195E}.Debug|Any CPU.ActiveCfg = Debug|Any CPU
		{142D5A9C-36F6-417C-A067-FCAE4810195E}.Debug|Any CPU.Build.0 = Debug|Any CPU
		{142D5A9C-36F6-417C-A067-FCAE4810195E}.Release|Any CPU.ActiveCfg = Release|Any CPU
		{142D5A9C-36F6-417C-A067-FCAE4810195E}.Release|Any CPU.Build.0 = Release|Any CPU
		{782BE06B-ED6B-4993-9E11-E624C8B392D1}.Debug|Any CPU.ActiveCfg = Debug|Any CPU
		{782BE06B-ED6B-4993-9E11-E624C8B392D1}.Debug|Any CPU.Build.0 = Debug|Any CPU
		{782BE06B-ED6B-4993-9E11-E624C8B392D1}.Release|Any CPU.ActiveCfg = Release|Any CPU
		{782BE06B-ED6B-4993-9E11-E624C8B392D1}.Release|Any CPU.Build.0 = Release|Any CPU
	EndGlobalSection
	GlobalSection(SolutionProperties) = preSolution
		HideSolutionNode = FALSE
	EndGlobalSection
	GlobalSection(ExtensibilityGlobals) = postSolution
		SolutionGuid = {DEB36754-1577-43E3-BA73-20D3D0E08711}
	EndGlobalSection
EndGlobal
